
Microsoft Visual Studio Solution File, Format Version 12.00
# Visual Studio Version 16
VisualStudioVersion = 16.0.31605.320
MinimumVisualStudioVersion = 10.0.40219.1
Project("{FAE04EC0-301F-11D3-BF4B-00C04F79EFBC}") = "captcha", "captcha.csproj", "{7C4AAC03-C87D-4CFF-9D40-56B85F716888}"
EndProject
Global
	GlobalSection(SolutionConfigurationPlatforms) = preSolution
		Debug|Any CPU = Debug|Any CPU
		Release|Any CPU = Release|Any CPU
	EndGlobalSection
	GlobalSection(ProjectConfigurationPlatforms) = postSolution
		{7C4AAC03-C87D-4CFF-9D40-56B85F716888}.Debug|Any CPU.ActiveCfg = Debug|Any CPU
		{7C4AAC03-C87D-4CFF-9D40-56B85F716888}.Debug|Any CPU.Build.0 = Debug|Any CPU
		{7C4AAC03-C87D-4CFF-9D40-56B85F716888}.Release|Any CPU.ActiveCfg = Release|Any CPU
		{7C4AAC03-C87D-4CFF-9D40-56B85F716888}.Release|Any CPU.Build.0 = Release|Any CPU
	EndGlobalSection
	GlobalSection(SolutionProperties) = preSolution
		HideSolutionNode = FALSE
	EndGlobalSection
	GlobalSection(ExtensibilityGlobals) = postSolution
		SolutionGuid = {21E428DB-4D79-40E3-9CC2-8B2CEE8DDEB7}
	EndGlobalSection
EndGlobal
